
Microsoft Visual Studio Solution File, Format Version 12.00
# Visual Studio Version 16
VisualStudioVersion = 16.0.30320.27
MinimumVisualStudioVersion = 10.0.40219.1
Project("{9A19103F-16F7-4668-BE54-9A1E7A4F7556}") = "ChatRoomWithMediator", "ChatRoomWithMediator\ChatRoomWithMediator.csproj", "{724317C1-ED04-4FBD-ADC2-8DBB0ADA24D4}"
EndProject
Project("{9A19103F-16F7-4668-BE54-9A1E7A4F7556}") = "ChatRoom", "ChatRoom\ChatRoom.csproj", "{0BBD8FD4-5430-48D0-B9CC-F6714F691016}"
EndProject
Project("{9A19103F-16F7-4668-BE54-9A1E7A4F7556}") = "ChatRoomWithMediatR", "ChatRoomWithMediatR\ChatRoomWithMediatR.csproj", "{6F7F07DE-9494-4BA7-A400-06E12B82A7FF}"
EndProject
Global
	GlobalSection(SolutionConfigurationPlatforms) = preSolution
		Debug|Any CPU = Debug|Any CPU
		Release|Any CPU = Release|Any CPU
	EndGlobalSection
	GlobalSection(ProjectConfigurationPlatforms) = postSolution
		{724317C1-ED04-4FBD-ADC2-8DBB0ADA24D4}.Debug|Any CPU.ActiveCfg = Debug|Any CPU
		{724317C1-ED04-4FBD-ADC2-8DBB0ADA24D4}.Debug|Any CPU.Build.0 = Debug|Any CPU
		{724317C1-ED04-4FBD-ADC2-8DBB0ADA24D4}.Release|Any CPU.ActiveCfg = Release|Any CPU
		{724317C1-ED04-4FBD-ADC2-8DBB0ADA24D4}.Release|Any CPU.Build.0 = Release|Any CPU
		{0BBD8FD4-5430-48D0-B9CC-F6714F691016}.Debug|Any CPU.ActiveCfg = Debug|Any CPU
		{0BBD8FD4-5430-48D0-B9CC-F6714F691016}.Debug|Any CPU.Build.0 = Debug|Any CPU
		{0BBD8FD4-5430-48D0-B9CC-F6714F691016}.Release|Any CPU.ActiveCfg = Release|Any CPU
		{0BBD8FD4-5430-48D0-B9CC-F6714F691016}.Release|Any CPU.Build.0 = Release|Any CPU
		{6F7F07DE-9494-4BA7-A400-06E12B82A7FF}.Debug|Any CPU.ActiveCfg = Debug|Any CPU
		{6F7F07DE-9494-4BA7-A400-06E12B82A7FF}.Debug|Any CPU.Build.0 = Debug|Any CPU
		{6F7F07DE-9494-4BA7-A400-06E12B82A7FF}.Release|Any CPU.ActiveCfg = Release|Any CPU
		{6F7F07DE-9494-4BA7-A400-06E12B82A7FF}.Release|Any CPU.Build.0 = Release|Any CPU
	EndGlobalSection
	GlobalSection(SolutionProperties) = preSolution
		HideSolutionNode = FALSE
	EndGlobalSection
	GlobalSection(ExtensibilityGlobals) = postSolution
		SolutionGuid = {4946168C-1C9A-47C0-867B-33C5C0CC3D5E}
	EndGlobalSection
EndGlobal
